{
  "version": "5",
  "redirects": {
    "https://esm.sh/@supabase/functions-js/src/edge-runtime.d.ts": "https://esm.sh/@supabase/functions-js@2.83.0/src/edge-runtime.d.ts"
  },
  "remote": {
    "https://deno.land/std@0.212.0/async/delay.ts": "eab3187eee39ccc8cc76d411fb21fb1801250ddb1090e486d5aec2ace5403391",
    "https://deno.land/std@0.212.0/http/server.ts": "ddee66e9a2ee98df8b31a47fd4ad678e75a8a11f543157641fd9ea0760c20f39"
  },
  "workspace": {
    "packageJson": {
      "dependencies": [
        "npm:@babel/core@^7.28.4",
        "npm:@expo/ngrok@^4.1.3",
        "npm:@playwright/test@^1.56.1",
        "npm:@react-native-async-storage/async-storage@^2.2.0",
        "npm:@react-native-community/geolocation@^3.4.0",
        "npm:@supabase/supabase-js@^2.58.0",
        "npm:deno@^2.5.6",
        "npm:expo-asset@~12.0.9",
        "npm:expo-av@^16.0.7",
        "npm:expo-constants@~18.0.10",
        "npm:expo-gl@^16.0.7",
        "npm:expo-image-picker@^17.0.8",
        "npm:expo-location@^19.0.7",
        "npm:expo-splash-screen@~31.0.10",
        "npm:expo-status-bar@~3.0.8",
        "npm:expo-three@^2.2.1",
        "npm:expo-video@~3.0.14",
        "npm:expo@54.0.23",
        "npm:react-dom@19.1.0",
        "npm:react-native-google-mobile-ads@16",
        "npm:react-native-iap@^14.4.38",
        "npm:react-native-maps@^1.20.1",
        "npm:react-native-vector-icons@^10.3.0",
        "npm:react-native-web@0.21",
        "npm:react-native@0.81.5",
        "npm:react@19.1.0",
        "npm:three@~0.166.1"
      ]
    }
  }
}
